
Microsoft Visual Studio Solution File, Format Version 12.00
# Visual Studio 15
VisualStudioVersion = 15.0.27130.2036
MinimumVisualStudioVersion = 10.0.40219.1
Project("{FAE04EC0-301F-11D3-BF4B-00C04F79EFBC}") = "POC.Services.HelloWorld", "POC.Services.HelloWorld\POC.Services.HelloWorld.csproj", "{1A6C4A22-8800-4B09-8522-1E2D0C664E20}"
EndProject
Project("{E53339B2-1760-4266-BCC7-CA923CBCF16C}") = "docker-compose", "docker-compose.dcproj", "{96EB6D26-8E07-462D-BCEE-8FC6976AA398}"
EndProject
Global
	GlobalSection(SolutionConfigurationPlatforms) = preSolution
		Debug|Any CPU = Debug|Any CPU
		Release|Any CPU = Release|Any CPU
	EndGlobalSection
	GlobalSection(ProjectConfigurationPlatforms) = postSolution
		{1A6C4A22-8800-4B09-8522-1E2D0C664E20}.Debug|Any CPU.ActiveCfg = Debug|Any CPU
		{1A6C4A22-8800-4B09-8522-1E2D0C664E20}.Debug|Any CPU.Build.0 = Debug|Any CPU
		{1A6C4A22-8800-4B09-8522-1E2D0C664E20}.Release|Any CPU.ActiveCfg = Release|Any CPU
		{1A6C4A22-8800-4B09-8522-1E2D0C664E20}.Release|Any CPU.Build.0 = Release|Any CPU
		{96EB6D26-8E07-462D-BCEE-8FC6976AA398}.Debug|Any CPU.ActiveCfg = Debug|Any CPU
		{96EB6D26-8E07-462D-BCEE-8FC6976AA398}.Debug|Any CPU.Build.0 = Debug|Any CPU
		{96EB6D26-8E07-462D-BCEE-8FC6976AA398}.Release|Any CPU.ActiveCfg = Release|Any CPU
		{96EB6D26-8E07-462D-BCEE-8FC6976AA398}.Release|Any CPU.Build.0 = Release|Any CPU
	EndGlobalSection
	GlobalSection(SolutionProperties) = preSolution
		HideSolutionNode = FALSE
	EndGlobalSection
	GlobalSection(ExtensibilityGlobals) = postSolution
		SolutionGuid = {66608EF8-4717-4EFB-AED3-717F3FBAAB59}
	EndGlobalSection
EndGlobal
